
Microsoft Visual Studio Solution File, Format Version 12.00
# Visual Studio Version 16
VisualStudioVersion = 16.0.30204.135
MinimumVisualStudioVersion = 10.0.40219.1
Project("{FAE04EC0-301F-11D3-BF4B-00C04F79EFBC}") = "Homoney.Api", "Homoney.Api\Homoney.Api.csproj", "{5BBC305F-E9F7-46C0-B739-606DAE65156C}"
EndProject
Global
	GlobalSection(SolutionConfigurationPlatforms) = preSolution
		Debug|Any CPU = Debug|Any CPU
		Release|Any CPU = Release|Any CPU
	EndGlobalSection
	GlobalSection(ProjectConfigurationPlatforms) = postSolution
		{5BBC305F-E9F7-46C0-B739-606DAE65156C}.Debug|Any CPU.ActiveCfg = Debug|Any CPU
		{5BBC305F-E9F7-46C0-B739-606DAE65156C}.Debug|Any CPU.Build.0 = Debug|Any CPU
		{5BBC305F-E9F7-46C0-B739-606DAE65156C}.Release|Any CPU.ActiveCfg = Release|Any CPU
		{5BBC305F-E9F7-46C0-B739-606DAE65156C}.Release|Any CPU.Build.0 = Release|Any CPU
	EndGlobalSection
	GlobalSection(SolutionProperties) = preSolution
		HideSolutionNode = FALSE
	EndGlobalSection
	GlobalSection(ExtensibilityGlobals) = postSolution
		SolutionGuid = {18348056-74F0-4DFB-BBE1-398B7C38FFCC}
	EndGlobalSection
EndGlobal
